
Microsoft Visual Studio Solution File, Format Version 12.00
# Visual Studio 15
VisualStudioVersion = 15.0.28307.168
MinimumVisualStudioVersion = 10.0.40219.1
Project("{FAE04EC0-301F-11D3-BF4B-00C04F79EFBC}") = "Quanly.Data", "Quanly.Data\Quanly.Data.csproj", "{9A9986B1-BDA1-4E4A-A307-CA859F277A3A}"
EndProject
Project("{FAE04EC0-301F-11D3-BF4B-00C04F79EFBC}") = "Quanly.Service", "Quanly.Service\Quanly.Service.csproj", "{C8179A72-E740-4CB3-AADA-0DF363BEDE49}"
EndProject
Project("{FAE04EC0-301F-11D3-BF4B-00C04F79EFBC}") = "Quanly.Api", "Quanly.Api\Quanly.Api.csproj", "{99178D29-87E9-4707-981A-AF700ED04743}"
EndProject
Project("{FAE04EC0-301F-11D3-BF4B-00C04F79EFBC}") = "Quanly.Web", "Quanly.Web\Quanly.Web.csproj", "{7FF0E105-983A-453C-8F6B-B6B4ADAEDCEB}"
EndProject
Project("{FAE04EC0-301F-11D3-BF4B-00C04F79EFBC}") = "Quanly.Web2", "Quanly.Web2\Quanly.Web2.csproj", "{C5DAC3EF-C3EC-4CD4-930B-3B5A1103A870}"
EndProject
Global
	GlobalSection(SolutionConfigurationPlatforms) = preSolution
		Debug|Any CPU = Debug|Any CPU
		Release|Any CPU = Release|Any CPU
	EndGlobalSection
	GlobalSection(ProjectConfigurationPlatforms) = postSolution
		{9A9986B1-BDA1-4E4A-A307-CA859F277A3A}.Debug|Any CPU.ActiveCfg = Debug|Any CPU
		{9A9986B1-BDA1-4E4A-A307-CA859F277A3A}.Debug|Any CPU.Build.0 = Debug|Any CPU
		{9A9986B1-BDA1-4E4A-A307-CA859F277A3A}.Release|Any CPU.ActiveCfg = Release|Any CPU
		{9A9986B1-BDA1-4E4A-A307-CA859F277A3A}.Release|Any CPU.Build.0 = Release|Any CPU
		{C8179A72-E740-4CB3-AADA-0DF363BEDE49}.Debug|Any CPU.ActiveCfg = Debug|Any CPU
		{C8179A72-E740-4CB3-AADA-0DF363BEDE49}.Debug|Any CPU.Build.0 = Debug|Any CPU
		{C8179A72-E740-4CB3-AADA-0DF363BEDE49}.Release|Any CPU.ActiveCfg = Release|Any CPU
		{C8179A72-E740-4CB3-AADA-0DF363BEDE49}.Release|Any CPU.Build.0 = Release|Any CPU
		{99178D29-87E9-4707-981A-AF700ED04743}.Debug|Any CPU.ActiveCfg = Debug|Any CPU
		{99178D29-87E9-4707-981A-AF700ED04743}.Debug|Any CPU.Build.0 = Debug|Any CPU
		{99178D29-87E9-4707-981A-AF700ED04743}.Release|Any CPU.ActiveCfg = Release|Any CPU
		{99178D29-87E9-4707-981A-AF700ED04743}.Release|Any CPU.Build.0 = Release|Any CPU
		{7FF0E105-983A-453C-8F6B-B6B4ADAEDCEB}.Debug|Any CPU.ActiveCfg = Debug|Any CPU
		{7FF0E105-983A-453C-8F6B-B6B4ADAEDCEB}.Debug|Any CPU.Build.0 = Debug|Any CPU
		{7FF0E105-983A-453C-8F6B-B6B4ADAEDCEB}.Release|Any CPU.ActiveCfg = Release|Any CPU
		{7FF0E105-983A-453C-8F6B-B6B4ADAEDCEB}.Release|Any CPU.Build.0 = Release|Any CPU
		{C5DAC3EF-C3EC-4CD4-930B-3B5A1103A870}.Debug|Any CPU.ActiveCfg = Debug|Any CPU
		{C5DAC3EF-C3EC-4CD4-930B-3B5A1103A870}.Debug|Any CPU.Build.0 = Debug|Any CPU
		{C5DAC3EF-C3EC-4CD4-930B-3B5A1103A870}.Release|Any CPU.ActiveCfg = Release|Any CPU
		{C5DAC3EF-C3EC-4CD4-930B-3B5A1103A870}.Release|Any CPU.Build.0 = Release|Any CPU
	EndGlobalSection
	GlobalSection(SolutionProperties) = preSolution
		HideSolutionNode = FALSE
	EndGlobalSection
	GlobalSection(ExtensibilityGlobals) = postSolution
		SolutionGuid = {6646C80A-AFF5-4816-BACF-083B226DF5BC}
	EndGlobalSection
EndGlobal
